
Microsoft Visual Studio Solution File, Format Version 12.00
# Visual Studio 15
VisualStudioVersion = 15.0.28307.329
MinimumVisualStudioVersion = 10.0.40219.1
Project("{FAE04EC0-301F-11D3-BF4B-00C04F79EFBC}") = "ConsoleAppWithDI", "ConsoleAppWithDI\ConsoleAppWithDI.csproj", "{2A5C9C40-8B1F-4199-9C2E-28DB3775A155}"
EndProject
Project("{FAE04EC0-301F-11D3-BF4B-00C04F79EFBC}") = "WebApplicationWithDI", "WebApplication1\WebApplicationWithDI.csproj", "{9FA1DD3C-1F48-475B-9355-8A8F9FF8FF39}"
EndProject
Global
	GlobalSection(SolutionConfigurationPlatforms) = preSolution
		Debug|Any CPU = Debug|Any CPU
		Release|Any CPU = Release|Any CPU
	EndGlobalSection
	GlobalSection(ProjectConfigurationPlatforms) = postSolution
		{2A5C9C40-8B1F-4199-9C2E-28DB3775A155}.Debug|Any CPU.ActiveCfg = Debug|Any CPU
		{2A5C9C40-8B1F-4199-9C2E-28DB3775A155}.Debug|Any CPU.Build.0 = Debug|Any CPU
		{2A5C9C40-8B1F-4199-9C2E-28DB3775A155}.Release|Any CPU.ActiveCfg = Release|Any CPU
		{2A5C9C40-8B1F-4199-9C2E-28DB3775A155}.Release|Any CPU.Build.0 = Release|Any CPU
		{9FA1DD3C-1F48-475B-9355-8A8F9FF8FF39}.Debug|Any CPU.ActiveCfg = Debug|Any CPU
		{9FA1DD3C-1F48-475B-9355-8A8F9FF8FF39}.Debug|Any CPU.Build.0 = Debug|Any CPU
		{9FA1DD3C-1F48-475B-9355-8A8F9FF8FF39}.Release|Any CPU.ActiveCfg = Release|Any CPU
		{9FA1DD3C-1F48-475B-9355-8A8F9FF8FF39}.Release|Any CPU.Build.0 = Release|Any CPU
	EndGlobalSection
	GlobalSection(SolutionProperties) = preSolution
		HideSolutionNode = FALSE
	EndGlobalSection
	GlobalSection(ExtensibilityGlobals) = postSolution
		SolutionGuid = {8A7C5D2B-8676-406F-9DE9-E2D3E8DCE0E8}
	EndGlobalSection
EndGlobal
